// !$*UTF8*$!
{
	archiveVersion = 1;
	classes = {
	};
	objectVersion = 50;
	objects = {

/* Begin PBXBuildFile section */
		DA4BF1B620D515E5009638EF /* ListBaseStack.c in Sources */ = {isa = PBXBuildFile; fileRef = DA4BF1B520D515E5009638EF /* ListBaseStack.c */; };
		DA4BF1B920D5163F009638EF /* BinaryTree2.c in Sources */ = {isa = PBXBuildFile; fileRef = DA4BF1B820D5163F009638EF /* BinaryTree2.c */; };
		DA4BF1BC20D51750009638EF /* ExpressionTree.c in Sources */ = {isa = PBXBuildFile; fileRef = DA4BF1BB20D51750009638EF /* ExpressionTree.c */; };
		DA4BF1BE20D5198F009638EF /* ExpressionMain.c in Sources */ = {isa = PBXBuildFile; fileRef = DA4BF1BD20D5198F009638EF /* ExpressionMain.c */; };
/* End PBXBuildFile section */

/* Begin PBXCopyFilesBuildPhase section */
		DA4BF1A520D515A8009638EF /* CopyFiles */ = {
			isa = PBXCopyFilesBuildPhase;
			buildActionMask = 2147483647;
			dstPath = /usr/share/man/man1/;
			dstSubfolderSpec = 0;
			files = (
			);
			runOnlyForDeploymentPostprocessing = 1;
		};
/* End PBXCopyFilesBuildPhase section */

/* Begin PBXFileReference section */
		DA4BF1A720D515A8009638EF /* ExpressionTree */ = {isa = PBXFileReference; explicitFileType = "compiled.mach-o.executable"; includeInIndex = 0; path = ExpressionTree; sourceTree = BUILT_PRODUCTS_DIR; };
		DA4BF1B420D515E5009638EF /* ListBaseStack.h */ = {isa = PBXFileReference; fileEncoding = 4; lastKnownFileType = sourcecode.c.h; path = ListBaseStack.h; sourceTree = "<group>"; };
		DA4BF1B520D515E5009638EF /* ListBaseStack.c */ = {isa = PBXFileReference; fileEncoding = 4; lastKnownFileType = sourcecode.c.c; path = ListBaseStack.c; sourceTree = "<group>"; };
		DA4BF1B720D5163F009638EF /* BinaryTree2.h */ = {isa = PBXFileReference; fileEncoding = 4; lastKnownFileType = sourcecode.c.h; path = BinaryTree2.h; sourceTree = "<group>"; };
		DA4BF1B820D5163F009638EF /* BinaryTree2.c */ = {isa = PBXFileReference; fileEncoding = 4; lastKnownFileType = sourcecode.c.c; path = BinaryTree2.c; sourceTree = "<group>"; };
		DA4BF1BA20D51652009638EF /* ExpressionTree.h */ = {isa = PBXFileReference; lastKnownFileType = sourcecode.c.h; path = ExpressionTree.h; sourceTree = "<group>"; };
		DA4BF1BB20D51750009638EF /* ExpressionTree.c */ = {isa = PBXFileReference; lastKnownFileType = sourcecode.c.c; path = ExpressionTree.c; sourceTree = "<group>"; };
		DA4BF1BD20D5198F009638EF /* ExpressionMain.c */ = {isa = PBXFileReference; lastKnownFileType = sourcecode.c.c; path = ExpressionMain.c; sourceTree = "<group>"; };
/* End PBXFileReference section */

/* Begin PBXFrameworksBuildPhase section */
		DA4BF1A420D515A8009638EF /* Frameworks */ = {
			isa = PBXFrameworksBuildPhase;
			buildActionMask = 2147483647;
			files = (
			);
			runOnlyForDeploymentPostprocessing = 0;
		};
/* End PBXFrameworksBuildPhase section */

/* Begin PBXGroup section */
		DA4BF19E20D515A8009638EF = {
			isa = PBXGroup;
			children = (
				DA4BF1A920D515A8009638EF /* ExpressionTree */,
				DA4BF1A820D515A8009638EF /* Products */,
			);
			sourceTree = "<group>";
		};
		DA4BF1A820D515A8009638EF /* Products */ = {
			isa = PBXGroup;
			children = (
				DA4BF1A720D515A8009638EF /* ExpressionTree */,
			);
			name = Products;
			sourceTree = "<group>";
		};
		DA4BF1A920D515A8009638EF /* ExpressionTree */ = {
			isa = PBXGroup;
			children = (
				DA4BF1B820D5163F009638EF /* BinaryTree2.c */,
				DA4BF1B720D5163F009638EF /* BinaryTree2.h */,
				DA4BF1B520D515E5009638EF /* ListBaseStack.c */,
				DA4BF1B420D515E5009638EF /* ListBaseStack.h */,
				DA4BF1BA20D51652009638EF /* ExpressionTree.h */,
				DA4BF1BB20D51750009638EF /* ExpressionTree.c */,
				DA4BF1BD20D5198F009638EF /* ExpressionMain.c */,
			);
			path = ExpressionTree;
			sourceTree = "<group>";
		};
/* End PBXGroup section */

/* Begin PBXNativeTarget section */
		DA4BF1A620D515A8009638EF /* ExpressionTree */ = {
			isa = PBXNativeTarget;
			buildConfigurationList = DA4BF1AE20D515A8009638EF /* Build configuration list for PBXNativeTarget "ExpressionTree" */;
			buildPhases = (
				DA4BF1A320D515A8009638EF /* Sources */,
				DA4BF1A420D515A8009638EF /* Frameworks */,
				DA4BF1A520D515A8009638EF /* CopyFiles */,
			);
			buildRules = (
			);
			dependencies = (
			);
			name = ExpressionTree;
			productName = ExpressionTree;
			productReference = DA4BF1A720D515A8009638EF /* ExpressionTree */;
			productType = "com.apple.product-type.tool";
		};
/* End PBXNativeTarget section */

/* Begin PBXProject section */
		DA4BF19F20D515A8009638EF /* Project object */ = {
			isa = PBXProject;
			attributes = {
				LastUpgradeCheck = 0940;
				ORGANIZATIONNAME = developer119;
				TargetAttributes = {
					DA4BF1A620D515A8009638EF = {
						CreatedOnToolsVersion = 9.4.1;
					};
				};
			};
			buildConfigurationList = DA4BF1A220D515A8009638EF /* Build configuration list for PBXProject "ExpressionTree" */;
			compatibilityVersion = "Xcode 9.3";
			developmentRegion = en;
			hasScannedForEncodings = 0;
			knownRegions = (
				en,
			);
			mainGroup = DA4BF19E20D515A8009638EF;
			productRefGroup = DA4BF1A820D515A8009638EF /* Products */;
			projectDirPath = "";
			projectRoot = "";
			targets = (
				DA4BF1A620D515A8009638EF /* ExpressionTree */,
			);
		};
/* End PBXProject section */

/* Begin PBXSourcesBuildPhase section */
		DA4BF1A320D515A8009638EF /* Sources */ = {
			isa = PBXSourcesBuildPhase;
			buildActionMask = 2147483647;
			files = (
				DA4BF1BC20D51750009638EF /* ExpressionTree.c in Sources */,
				DA4BF1B620D515E5009638EF /* ListBaseStack.c in Sources */,
				DA4BF1BE20D5198F009638EF /* ExpressionMain.c in Sources */,
				DA4BF1B920D5163F009638EF /* BinaryTree2.c in Sources */,
			);
			runOnlyForDeploymentPostprocessing = 0;
		};
/* End PBXSourcesBuildPhase section */

/* Begin XCBuildConfiguration section */
		DA4BF1AC20D515A8009638EF /* Debug */ = {
			isa = XCBuildConfiguration;
			buildSettings = {
				ALWAYS_SEARCH_USER_PATHS = NO;
				CLANG_ANALYZER_NONNULL = YES;
				CLANG_ANALYZER_NUMBER_OBJECT_CONVERSION = YES_AGGRESSIVE;
				CLANG_CXX_LANGUAGE_STANDARD = "gnu++14";
				CLANG_CXX_LIBRARY = "libc++";
				CLANG_ENABLE_MODULES = YES;
				CLANG_ENABLE_OBJC_ARC = YES;
				CLANG_ENABLE_OBJC_WEAK = YES;
				CLANG_WARN_BLOCK_CAPTURE_AUTORELEASING = YES;
				CLANG_WARN_BOOL_CONVERSION = YES;
				CLANG_WARN_COMMA = YES;
				CLANG_WARN_CONSTANT_CONVERSION = YES;
				CLANG_WARN_DEPRECATED_OBJC_IMPLEMENTATIONS = YES;
				CLANG_WARN_DIRECT_OBJC_ISA_USAGE = YES_ERROR;
				CLANG_WARN_DOCUMENTATION_COMMENTS = YES;
				CLANG_WARN_EMPTY_BODY = YES;
				CLANG_WARN_ENUM_CONVERSION = YES;
				CLANG_WARN_INFINITE_RECURSION = YES;
				CLANG_WARN_INT_CONVERSION = YES;
				CLANG_WARN_NON_LITERAL_NULL_CONVERSION = YES;
				CLANG_WARN_OBJC_IMPLICIT_RETAIN_SELF = YES;
				CLANG_WARN_OBJC_LITERAL_CONVERSION = YES;
				CLANG_WARN_OBJC_ROOT_CLASS = YES_ERROR;
				CLANG_WARN_RANGE_LOOP_ANALYSIS = YES;
				CLANG_WARN_STRICT_PROTOTYPES = YES;
				CLANG_WARN_SUSPICIOUS_MOVE = YES;
				CLANG_WARN_UNGUARDED_AVAILABILITY = YES_AGGRESSIVE;
				CLANG_WARN_UNREACHABLE_CODE = YES;
				CLANG_WARN__DUPLICATE_METHOD_MATCH = YES;
				CODE_SIGN_IDENTITY = "Mac Developer";
				COPY_PHASE_STRIP = NO;
				DEBUG_INFORMATION_FORMAT = dwarf;
				ENABLE_STRICT_OBJC_MSGSEND = YES;
				ENABLE_TESTABILITY = YES;
				GCC_C_LANGUAGE_STANDARD = gnu11;
				GCC_DYNAMIC_NO_PIC = NO;
				GCC_NO_COMMON_BLOCKS = YES;
				GCC_OPTIMIZATION_LEVEL = 0;
				GCC_PREPROCESSOR_DEFINITIONS = (
					"DEBUG=1",
					"$(inherited)",
				);
				GCC_WARN_64_TO_32_BIT_CONVERSION = YES;
				GCC_WARN_ABOUT_RETURN_TYPE = YES_ERROR;
				GCC_WARN_UNDECLARED_SELECTOR = YES;
				GCC_WARN_UNINITIALIZED_AUTOS = YES_AGGRESSIVE;
				GCC_WARN_UNUSED_FUNCTION = YES;
				GCC_WARN_UNUSED_VARIABLE = YES;
				MACOSX_DEPLOYMENT_TARGET = 10.13;
				MTL_ENABLE_DEBUG_INFO = YES;
				ONLY_ACTIVE_ARCH = YES;
				SDKROOT = macosx;
			};
			name = Debug;
		};
		DA4BF1AD20D515A8009638EF /* Release */ = {
			isa = XCBuildConfiguration;
			buildSettings = {
				ALWAYS_SEARCH_USER_PATHS = NO;
				CLANG_ANALYZER_NONNULL = YES;
				CLANG_ANALYZER_NUMBER_OBJECT_CONVERSION = YES_AGGRESSIVE;
				CLANG_CXX_LANGUAGE_STANDARD = "gnu++14";
				CLANG_CXX_LIBRARY = "libc++";
				CLANG_ENABLE_MODULES = YES;
				CLANG_ENABLE_OBJC_ARC = YES;
				CLANG_ENABLE_OBJC_WEAK = YES;
				CLANG_WARN_BLOCK_CAPTURE_AUTORELEASING = YES;
				CLANG_WARN_BOOL_CONVERSION = YES;
				CLANG_WARN_COMMA = YES;
				CLANG_WARN_CONSTANT_CONVERSION = YES;
				CLANG_WARN_DEPRECATED_OBJC_IMPLEMENTATIONS = YES;
				CLANG_WARN_DIRECT_OBJC_ISA_USAGE = YES_ERROR;
				CLANG_WARN_DOCUMENTATION_COMMENTS = YES;
				CLANG_WARN_EMPTY_BODY = YES;
				CLANG_WARN_ENUM_CONVERSION = YES;
				CLANG_WARN_INFINITE_RECURSION = YES;
				CLANG_WARN_INT_CONVERSION = YES;
				CLANG_WARN_NON_LITERAL_NULL_CONVERSION = YES;
				CLANG_WARN_OBJC_IMPLICIT_RETAIN_SELF = YES;
				CLANG_WARN_OBJC_LITERAL_CONVERSION = YES;
				CLANG_WARN_OBJC_ROOT_CLASS = YES_ERROR;
				CLANG_WARN_RANGE_LOOP_ANALYSIS = YES;
				CLANG_WARN_STRICT_PROTOTYPES = YES;
				CLANG_WARN_SUSPICIOUS_MOVE = YES;
				CLANG_WARN_UNGUARDED_AVAILABILITY = YES_AGGRESSIVE;
				CLANG_WARN_UNREACHABLE_CODE = YES;
				CLANG_WARN__DUPLICATE_METHOD_MATCH = YES;
				CODE_SIGN_IDENTITY = "Mac Developer";
				COPY_PHASE_STRIP = NO;
				DEBUG_INFORMATION_FORMAT = "dwarf-with-dsym";
				ENABLE_NS_ASSERTIONS = NO;
				ENABLE_STRICT_OBJC_MSGSEND = YES;
				GCC_C_LANGUAGE_STANDARD = gnu11;
				GCC_NO_COMMON_BLOCKS = YES;
				GCC_WARN_64_TO_32_BIT_CONVERSION = YES;
				GCC_WARN_ABOUT_RETURN_TYPE = YES_ERROR;
				GCC_WARN_UNDECLARED_SELECTOR = YES;
				GCC_WARN_UNINITIALIZED_AUTOS = YES_AGGRESSIVE;
				GCC_WARN_UNUSED_FUNCTION = YES;
				GCC_WARN_UNUSED_VARIABLE = YES;
				MACOSX_DEPLOYMENT_TARGET = 10.13;
				MTL_ENABLE_DEBUG_INFO = NO;
				SDKROOT = macosx;
			};
			name = Release;
		};
		DA4BF1AF20D515A8009638EF /* Debug */ = {
			isa = XCBuildConfiguration;
			buildSettings = {
				CODE_SIGN_STYLE = Automatic;
				DEVELOPMENT_TEAM = 978MB96H52;
				PRODUCT_NAME = "$(TARGET_NAME)";
			};
			name = Debug;
		};
		DA4BF1B020D515A8009638EF /* Release */ = {
			isa = XCBuildConfiguration;
			buildSettings = {
				CODE_SIGN_STYLE = Automatic;
				DEVELOPMENT_TEAM = 978MB96H52;
				PRODUCT_NAME = "$(TARGET_NAME)";
			};
			name = Release;
		};
/* End XCBuildConfiguration section */

/* Begin XCConfigurationList section */
		DA4BF1A220D515A8009638EF /* Build configuration list for PBXProject "ExpressionTree" */ = {
			isa = XCConfigurationList;
			buildConfigurations = (
				DA4BF1AC20D515A8009638EF /* Debug */,
				DA4BF1AD20D515A8009638EF /* Release */,
			);
			defaultConfigurationIsVisible = 0;
			defaultConfigurationName = Release;
		};
		DA4BF1AE20D515A8009638EF /* Build configuration list for PBXNativeTarget "ExpressionTree" */ = {
			isa = XCConfigurationList;
			buildConfigurations = (
				DA4BF1AF20D515A8009638EF /* Debug */,
				DA4BF1B020D515A8009638EF /* Release */,
			);
			defaultConfigurationIsVisible = 0;
			defaultConfigurationName = Release;
		};
/* End XCConfigurationList section */
	};
	rootObject = DA4BF19F20D515A8009638EF /* Project object */;
}
